
Microsoft Visual Studio Solution File, Format Version 12.00
# Visual Studio Version 17
VisualStudioVersion = 17.7.34031.279
MinimumVisualStudioVersion = 10.0.40219.1
Project("{9A19103F-16F7-4668-BE54-9A1E7A4F7556}") = "GPL2", "GPL2.csproj", "{5B145CF0-7A44-4E1D-BF44-81F2BEB798A7}"
EndProject
Project("{FAE04EC0-301F-11D3-BF4B-00C04F79EFBC}") = "GPL2Test", "..\GPL2Test\GPL2Test.csproj", "{630395E0-898B-4DEA-ADC9-330C51E3A3EC}"
EndProject
Global
	GlobalSection(SolutionConfigurationPlatforms) = preSolution
		Debug|Any CPU = Debug|Any CPU
		Release|Any CPU = Release|Any CPU
	EndGlobalSection
	GlobalSection(ProjectConfigurationPlatforms) = postSolution
		{5B145CF0-7A44-4E1D-BF44-81F2BEB798A7}.Debug|Any CPU.ActiveCfg = Debug|Any CPU
		{5B145CF0-7A44-4E1D-BF44-81F2BEB798A7}.Debug|Any CPU.Build.0 = Debug|Any CPU
		{5B145CF0-7A44-4E1D-BF44-81F2BEB798A7}.Release|Any CPU.ActiveCfg = Release|Any CPU
		{5B145CF0-7A44-4E1D-BF44-81F2BEB798A7}.Release|Any CPU.Build.0 = Release|Any CPU
		{630395E0-898B-4DEA-ADC9-330C51E3A3EC}.Debug|Any CPU.ActiveCfg = Debug|Any CPU
		{630395E0-898B-4DEA-ADC9-330C51E3A3EC}.Debug|Any CPU.Build.0 = Debug|Any CPU
		{630395E0-898B-4DEA-ADC9-330C51E3A3EC}.Release|Any CPU.ActiveCfg = Release|Any CPU
		{630395E0-898B-4DEA-ADC9-330C51E3A3EC}.Release|Any CPU.Build.0 = Release|Any CPU
	EndGlobalSection
	GlobalSection(SolutionProperties) = preSolution
		HideSolutionNode = FALSE
	EndGlobalSection
	GlobalSection(ExtensibilityGlobals) = postSolution
		SolutionGuid = {C504C262-28F2-44A3-99EB-B2C5754A7772}
	EndGlobalSection
EndGlobal
